
Microsoft Visual Studio Solution File, Format Version 12.00
# Visual Studio Version 16
VisualStudioVersion = 16.0.32510.428
MinimumVisualStudioVersion = 10.0.40219.1
Project("{FAE04EC0-301F-11D3-BF4B-00C04F79EFBC}") = "task1LabDayOfWeek", "task1LabDayOfWeek\task1LabDayOfWeek.csproj", "{78704E41-6E15-42DE-9C28-AAEE60D07697}"
EndProject
Project("{FAE04EC0-301F-11D3-BF4B-00C04F79EFBC}") = "task2LabPrintNumbersInReverseOrder", "task2LabPrintNumbersInReverseOrder\task2LabPrintNumbersInReverseOrder.csproj", "{DBACEC78-B667-43A0-8F02-A3C546F8F817}"
EndProject
Project("{FAE04EC0-301F-11D3-BF4B-00C04F79EFBC}") = "task3LabRoundingNumbers", "task3LabRoundingNumbers\task3LabRoundingNumbers.csproj", "{54E72B2E-A945-4275-BD8B-4E1D7370BB29}"
EndProject
Project("{FAE04EC0-301F-11D3-BF4B-00C04F79EFBC}") = "task4LabReverseArrayOfStrings", "task4LabReverseArrayOfStrings\task4LabReverseArrayOfStrings.csproj", "{D9B9CE98-5BCA-437F-B30B-CF08E83EDD11}"
EndProject
Project("{FAE04EC0-301F-11D3-BF4B-00C04F79EFBC}") = "task5LabSumEvenNumbers", "task5LabSumEvenNumbers\task5LabSumEvenNumbers.csproj", "{67D8E280-6EDA-40F9-89A1-DF0876218291}"
EndProject
Project("{FAE04EC0-301F-11D3-BF4B-00C04F79EFBC}") = "tasl6LabEvenAndOddSubtraction", "tasl6LabEvenAndOddSubtraction\tasl6LabEvenAndOddSubtraction.csproj", "{447B11ED-C763-423B-8BDA-12750002835C}"
EndProject
Project("{FAE04EC0-301F-11D3-BF4B-00C04F79EFBC}") = "task7LabEqualArrays", "task7LabEqualArrays\task7LabEqualArrays.csproj", "{3ADEA51C-85EA-45A9-9157-EEB28DDB8A1F}"
EndProject
Project("{FAE04EC0-301F-11D3-BF4B-00C04F79EFBC}") = "task8LabCondenseArrayToNumber", "task8LabCondenseArrayToNumber\task8LabCondenseArrayToNumber.csproj", "{67BA88E2-E546-4458-8E76-551AE8309D37}"
EndProject
Project("{FAE04EC0-301F-11D3-BF4B-00C04F79EFBC}") = "task1ExerciseTrain", "task1ExerciseTrain\task1ExerciseTrain.csproj", "{C77E1F99-458D-4AE4-9BD5-DC5CC718298C}"
EndProject
Project("{FAE04EC0-301F-11D3-BF4B-00C04F79EFBC}") = "task2ExerciseCommonElements", "task2ExerciseCommonElements\task2ExerciseCommonElements.csproj", "{FA21E68B-58E5-4319-B848-DCA30BCA9683}"
EndProject
Project("{FAE04EC0-301F-11D3-BF4B-00C04F79EFBC}") = "task3ExerciseZigZagArrays", "task3ExerciseZigZagArrays\task3ExerciseZigZagArrays.csproj", "{8CF40826-39EA-40F4-87AC-DE1EBF2C502C}"
EndProject
Project("{FAE04EC0-301F-11D3-BF4B-00C04F79EFBC}") = "task4ExerciseArrayRotation", "task4ExerciseArrayRotation\task4ExerciseArrayRotation.csproj", "{AF3BD8D9-AC0C-42EB-B2E9-F88450B40ECC}"
EndProject
Project("{FAE04EC0-301F-11D3-BF4B-00C04F79EFBC}") = "task5ExerciseTopIntegers", "task5ExerciseTopIntegers\task5ExerciseTopIntegers.csproj", "{F8AA1675-650E-4C7F-93D8-62D3CB80DE73}"
EndProject
Project("{FAE04EC0-301F-11D3-BF4B-00C04F79EFBC}") = "task6ExerciseEqualSum", "task6ExerciseEqualSum\task6ExerciseEqualSum.csproj", "{F508830A-E9E3-4FB2-BB55-F9E5C6408771}"
EndProject
Global
	GlobalSection(SolutionConfigurationPlatforms) = preSolution
		Debug|Any CPU = Debug|Any CPU
		Release|Any CPU = Release|Any CPU
	EndGlobalSection
	GlobalSection(ProjectConfigurationPlatforms) = postSolution
		{78704E41-6E15-42DE-9C28-AAEE60D07697}.Debug|Any CPU.ActiveCfg = Debug|Any CPU
		{78704E41-6E15-42DE-9C28-AAEE60D07697}.Debug|Any CPU.Build.0 = Debug|Any CPU
		{78704E41-6E15-42DE-9C28-AAEE60D07697}.Release|Any CPU.ActiveCfg = Release|Any CPU
		{78704E41-6E15-42DE-9C28-AAEE60D07697}.Release|Any CPU.Build.0 = Release|Any CPU
		{DBACEC78-B667-43A0-8F02-A3C546F8F817}.Debug|Any CPU.ActiveCfg = Debug|Any CPU
		{DBACEC78-B667-43A0-8F02-A3C546F8F817}.Debug|Any CPU.Build.0 = Debug|Any CPU
		{DBACEC78-B667-43A0-8F02-A3C546F8F817}.Release|Any CPU.ActiveCfg = Release|Any CPU
		{DBACEC78-B667-43A0-8F02-A3C546F8F817}.Release|Any CPU.Build.0 = Release|Any CPU
		{54E72B2E-A945-4275-BD8B-4E1D7370BB29}.Debug|Any CPU.ActiveCfg = Debug|Any CPU
		{54E72B2E-A945-4275-BD8B-4E1D7370BB29}.Debug|Any CPU.Build.0 = Debug|Any CPU
		{54E72B2E-A945-4275-BD8B-4E1D7370BB29}.Release|Any CPU.ActiveCfg = Release|Any CPU
		{54E72B2E-A945-4275-BD8B-4E1D7370BB29}.Release|Any CPU.Build.0 = Release|Any CPU
		{D9B9CE98-5BCA-437F-B30B-CF08E83EDD11}.Debug|Any CPU.ActiveCfg = Debug|Any CPU
		{D9B9CE98-5BCA-437F-B30B-CF08E83EDD11}.Debug|Any CPU.Build.0 = Debug|Any CPU
		{D9B9CE98-5BCA-437F-B30B-CF08E83EDD11}.Release|Any CPU.ActiveCfg = Release|Any CPU
		{D9B9CE98-5BCA-437F-B30B-CF08E83EDD11}.Release|Any CPU.Build.0 = Release|Any CPU
		{67D8E280-6EDA-40F9-89A1-DF0876218291}.Debug|Any CPU.ActiveCfg = Debug|Any CPU
		{67D8E280-6EDA-40F9-89A1-DF0876218291}.Debug|Any CPU.Build.0 = Debug|Any CPU
		{67D8E280-6EDA-40F9-89A1-DF0876218291}.Release|Any CPU.ActiveCfg = Release|Any CPU
		{67D8E280-6EDA-40F9-89A1-DF0876218291}.Release|Any CPU.Build.0 = Release|Any CPU
		{447B11ED-C763-423B-8BDA-12750002835C}.Debug|Any CPU.ActiveCfg = Debug|Any CPU
		{447B11ED-C763-423B-8BDA-12750002835C}.Debug|Any CPU.Build.0 = Debug|Any CPU
		{447B11ED-C763-423B-8BDA-12750002835C}.Release|Any CPU.ActiveCfg = Release|Any CPU
		{447B11ED-C763-423B-8BDA-12750002835C}.Release|Any CPU.Build.0 = Release|Any CPU
		{3ADEA51C-85EA-45A9-9157-EEB28DDB8A1F}.Debug|Any CPU.ActiveCfg = Debug|Any CPU
		{3ADEA51C-85EA-45A9-9157-EEB28DDB8A1F}.Debug|Any CPU.Build.0 = Debug|Any CPU
		{3ADEA51C-85EA-45A9-9157-EEB28DDB8A1F}.Release|Any CPU.ActiveCfg = Release|Any CPU
		{3ADEA51C-85EA-45A9-9157-EEB28DDB8A1F}.Release|Any CPU.Build.0 = Release|Any CPU
		{67BA88E2-E546-4458-8E76-551AE8309D37}.Debug|Any CPU.ActiveCfg = Debug|Any CPU
		{67BA88E2-E546-4458-8E76-551AE8309D37}.Debug|Any CPU.Build.0 = Debug|Any CPU
		{67BA88E2-E546-4458-8E76-551AE8309D37}.Release|Any CPU.ActiveCfg = Release|Any CPU
		{67BA88E2-E546-4458-8E76-551AE8309D37}.Release|Any CPU.Build.0 = Release|Any CPU
		{C77E1F99-458D-4AE4-9BD5-DC5CC718298C}.Debug|Any CPU.ActiveCfg = Debug|Any CPU
		{C77E1F99-458D-4AE4-9BD5-DC5CC718298C}.Debug|Any CPU.Build.0 = Debug|Any CPU
		{C77E1F99-458D-4AE4-9BD5-DC5CC718298C}.Release|Any CPU.ActiveCfg = Release|Any CPU
		{C77E1F99-458D-4AE4-9BD5-DC5CC718298C}.Release|Any CPU.Build.0 = Release|Any CPU
		{FA21E68B-58E5-4319-B848-DCA30BCA9683}.Debug|Any CPU.ActiveCfg = Debug|Any CPU
		{FA21E68B-58E5-4319-B848-DCA30BCA9683}.Debug|Any CPU.Build.0 = Debug|Any CPU
		{FA21E68B-58E5-4319-B848-DCA30BCA9683}.Release|Any CPU.ActiveCfg = Release|Any CPU
		{FA21E68B-58E5-4319-B848-DCA30BCA9683}.Release|Any CPU.Build.0 = Release|Any CPU
		{8CF40826-39EA-40F4-87AC-DE1EBF2C502C}.Debug|Any CPU.ActiveCfg = Debug|Any CPU
		{8CF40826-39EA-40F4-87AC-DE1EBF2C502C}.Debug|Any CPU.Build.0 = Debug|Any CPU
		{8CF40826-39EA-40F4-87AC-DE1EBF2C502C}.Release|Any CPU.ActiveCfg = Release|Any CPU
		{8CF40826-39EA-40F4-87AC-DE1EBF2C502C}.Release|Any CPU.Build.0 = Release|Any CPU
		{AF3BD8D9-AC0C-42EB-B2E9-F88450B40ECC}.Debug|Any CPU.ActiveCfg = Debug|Any CPU
		{AF3BD8D9-AC0C-42EB-B2E9-F88450B40ECC}.Debug|Any CPU.Build.0 = Debug|Any CPU
		{AF3BD8D9-AC0C-42EB-B2E9-F88450B40ECC}.Release|Any CPU.ActiveCfg = Release|Any CPU
		{AF3BD8D9-AC0C-42EB-B2E9-F88450B40ECC}.Release|Any CPU.Build.0 = Release|Any CPU
		{F8AA1675-650E-4C7F-93D8-62D3CB80DE73}.Debug|Any CPU.ActiveCfg = Debug|Any CPU
		{F8AA1675-650E-4C7F-93D8-62D3CB80DE73}.Debug|Any CPU.Build.0 = Debug|Any CPU
		{F8AA1675-650E-4C7F-93D8-62D3CB80DE73}.Release|Any CPU.ActiveCfg = Release|Any CPU
		{F8AA1675-650E-4C7F-93D8-62D3CB80DE73}.Release|Any CPU.Build.0 = Release|Any CPU
		{F508830A-E9E3-4FB2-BB55-F9E5C6408771}.Debug|Any CPU.ActiveCfg = Debug|Any CPU
		{F508830A-E9E3-4FB2-BB55-F9E5C6408771}.Debug|Any CPU.Build.0 = Debug|Any CPU
		{F508830A-E9E3-4FB2-BB55-F9E5C6408771}.Release|Any CPU.ActiveCfg = Release|Any CPU
		{F508830A-E9E3-4FB2-BB55-F9E5C6408771}.Release|Any CPU.Build.0 = Release|Any CPU
	EndGlobalSection
	GlobalSection(SolutionProperties) = preSolution
		HideSolutionNode = FALSE
	EndGlobalSection
	GlobalSection(ExtensibilityGlobals) = postSolution
		SolutionGuid = {D2317FB8-1592-4109-878F-8E381E86CABD}
	EndGlobalSection
EndGlobal
